version = 1
requires-python = "==3.12.*"

[[package]]
name = "boto3"
version = "1.36.5"
source = { registry = "https://pypi.org/simple" }
dependencies = [
    { name = "botocore" },
    { name = "jmespath" },
    { name = "s3transfer" },
]
sdist = { url = "https://files.pythonhosted.org/packages/f0/ad/e7265bc68d7713b8b1bbd459a534b9c19076464e703a2fc53e9c0f68fdb2/boto3-1.36.5.tar.gz", hash = "sha256:58a6b7c3d5145b3ac04d4b6caa76223b8ef88004b4237444e553041e29581a11", size = 111006 }
wheels = [
    { url = "https://files.pythonhosted.org/packages/e9/e3/7ac6d4c969c0bdd463c1c95c3a2aa089dd4930fa75ccc838eb4a9f182da7/boto3-1.36.5-py3-none-any.whl", hash = "sha256:a404ad5ec94ff40c176215a991bf62f0db5514a93a3dd361b7b2ab9660f811f4", size = 139168 },
]

[[package]]
name = "botocore"
version = "1.36.5"
source = { registry = "https://pypi.org/simple" }
dependencies = [
    { name = "jmespath" },
    { name = "python-dateutil" },
    { name = "urllib3" },
]
sdist = { url = "https://files.pythonhosted.org/packages/2d/e9/57640ea802ea3647896ebde2469e2fc8823a48a20bff6ba2bc9c915dcfac/botocore-1.36.5.tar.gz", hash = "sha256:234ed3d29a8954c37a551c933453bf14c6ae44a69a4f273ffef377a2612ca6a6", size = 13477238 }
wheels = [
    { url = "https://files.pythonhosted.org/packages/7f/7c/e3b5a2c530b56bb13aa5464afb43c160b30b90a08f813d298110394121f8/botocore-1.36.5-py3-none-any.whl", hash = "sha256:6d9f70afa9bf9d21407089dc22b8cc8ec6fa44866d4660858c062c74fc8555eb", size = 13305721 },
]

[[package]]
name = "botocore-stubs"
version = "1.36.5"
source = { registry = "https://pypi.org/simple" }
dependencies = [
    { name = "types-awscrt" },
]
sdist = { url = "https://files.pythonhosted.org/packages/5a/bc/10e9e5d5cdda0728e79ca3fba75d7586be737660a97e3f1e2c8915a9185c/botocore_stubs-1.36.5.tar.gz", hash = "sha256:e6057f127ba01a7770b671af924cc65a214d0c14a2ae054eb16e3ea5ad475372", size = 41200 }
wheels = [
    { url = "https://files.pythonhosted.org/packages/36/f3/f7ec4bd4561205e44b466e45194468e4f70637bc57788af95a4557042117/botocore_stubs-1.36.5-py3-none-any.whl", hash = "sha256:d3c5c0841fcf8820a8cb0690fa0eeb0a64c72104ba892cc56dc0b9515872b5dd", size = 64003 },
]

[[package]]
name = "dnspython"
version = "2.7.0"
source = { registry = "https://pypi.org/simple" }
sdist = { url = "https://files.pythonhosted.org/packages/b5/4a/263763cb2ba3816dd94b08ad3a33d5fdae34ecb856678773cc40a3605829/dnspython-2.7.0.tar.gz", hash = "sha256:ce9c432eda0dc91cf618a5cedf1a4e142651196bbcd2c80e89ed5a907e5cfaf1", size = 345197 }
wheels = [
    { url = "https://files.pythonhosted.org/packages/68/1b/e0a87d256e40e8c888847551b20a017a6b98139178505dc7ffb96f04e954/dnspython-2.7.0-py3-none-any.whl", hash = "sha256:b4c34b7d10b51bcc3a5071e7b8dee77939f1e878477eeecc965e9835f63c6c86", size = 313632 },
]

[[package]]
name = "email-validator"
version = "2.1.1"
source = { registry = "https://pypi.org/simple" }
dependencies = [
    { name = "dnspython" },
    { name = "idna" },
]
sdist = { url = "https://files.pythonhosted.org/packages/63/82/2914bff80ebee8c027802a664ad4b4caad502cd594e358f76aff395b5e56/email_validator-2.1.1.tar.gz", hash = "sha256:200a70680ba08904be6d1eef729205cc0d687634399a5924d842533efb824b84", size = 44709 }
wheels = [
    { url = "https://files.pythonhosted.org/packages/e4/60/b02cb0f5ee0be88bd4fbfdd9cc91e43ec2dfcc47fe064e7c70587ff58a94/email_validator-2.1.1-py3-none-any.whl", hash = "sha256:97d882d174e2a65732fb43bfce81a3a834cbc1bde8bf419e30ef5ea976370a05", size = 30334 },
]

[[package]]
name = "idna"
version = "3.10"
source = { registry = "https://pypi.org/simple" }
sdist = { url = "https://files.pythonhosted.org/packages/f1/70/7703c29685631f5a7590aa73f1f1d3fa9a380e654b86af429e0934a32f7d/idna-3.10.tar.gz", hash = "sha256:12f65c9b470abda6dc35cf8e63cc574b1c52b11df2c86030af0ac09b01b13ea9", size = 190490 }
wheels = [
    { url = "https://files.pythonhosted.org/packages/76/c6/c88e154df9c4e1a2a66ccf0005a88dfb2650c1dffb6f5ce603dfbd452ce3/idna-3.10-py3-none-any.whl", hash = "sha256:946d195a0d259cbba61165e88e65941f16e9b36ea6ddb97f00452bae8b1287d3", size = 70442 },
]

[[package]]
name = "jmespath"
version = "1.0.1"
source = { registry = "https://pypi.org/simple" }
sdist = { url = "https://files.pythonhosted.org/packages/00/2a/e867e8531cf3e36b41201936b7fa7ba7b5702dbef42922193f05c8976cd6/jmespath-1.0.1.tar.gz", hash = "sha256:90261b206d6defd58fdd5e85f478bf633a2901798906be2ad389150c5c60edbe", size = 25843 }
wheels = [
    { url = "https://files.pythonhosted.org/packages/31/b4/b9b800c45527aadd64d5b442f9b932b00648617eb5d63d2c7a6587b7cafc/jmespath-1.0.1-py3-none-any.whl", hash = "sha256:02e2e4cc71b5bcab88332eebf907519190dd9e6e82107fa7f83b1003a6252980", size = 20256 },
]

[[package]]
name = "py-ocsf-models"
version = "0.1.1"
source = { registry = "https://pypi.org/simple" }
dependencies = [
    { name = "email-validator" },
    { name = "pydantic" },
]
sdist = { url = "https://files.pythonhosted.org/packages/f5/09/5e0b6b8fd652350319e43d245f4f7e096518c4f2ff896a4f3c06e8edc105/py_ocsf_models-0.1.1.tar.gz", hash = "sha256:b0f2d4495a2596793f75e61a1ba218edea3a2d17a2b9911d46ee0fa623cc657b", size = 29497 }
wheels = [
    { url = "https://files.pythonhosted.org/packages/ad/aa/4eb0a164d7a04b87be74d20a6bf3c964051b97820407b94db82ae2855cce/py_ocsf_models-0.1.1-py3-none-any.whl", hash = "sha256:c6ea465fda85470b938a48da65b1f19664f6d83820ebe849ef5551094e6768de", size = 43020 },
]

[[package]]
name = "pydantic"
version = "1.10.15"
source = { registry = "https://pypi.org/simple" }
dependencies = [
    { name = "typing-extensions" },
]
sdist = { url = "https://files.pythonhosted.org/packages/6f/3a/1a057845b787469aa8c4ff2c126d5110d616223c82e74561b8ae56b46ec7/pydantic-1.10.15.tar.gz", hash = "sha256:ca832e124eda231a60a041da4f013e3ff24949d94a01154b137fc2f2a43c3ffb", size = 350343 }
wheels = [
    { url = "https://files.pythonhosted.org/packages/27/17/a9872f20809e37ad03c523994ef3e0b7420c6508fe4553b7c0d8476ee03a/pydantic-1.10.15-py3-none-any.whl", hash = "sha256:28e552a060ba2740d0d2aabe35162652c1459a0b9069fe0db7f4ee0e18e74d58", size = 159931 },
]

[[package]]
name = "python-dateutil"
version = "2.9.0.post0"
source = { registry = "https://pypi.org/simple" }
dependencies = [
    { name = "six" },
]
sdist = { url = "https://files.pythonhosted.org/packages/66/c0/0c8b6ad9f17a802ee498c46e004a0eb49bc148f2fd230864601a86dcf6db/python-dateutil-2.9.0.post0.tar.gz", hash = "sha256:37dd54208da7e1cd875388217d5e00ebd4179249f90fb72437e91a35459a0ad3", size = 342432 }
wheels = [
    { url = "https://files.pythonhosted.org/packages/ec/57/56b9bcc3c9c6a792fcbaf139543cee77261f3651ca9da0c93f5c1221264b/python_dateutil-2.9.0.post0-py2.py3-none-any.whl", hash = "sha256:a8b2bc7bffae282281c8140a97d3aa9c14da0b136dfe83f850eea9a5f7470427", size = 229892 },
]

[[package]]
name = "s3transfer"
version = "0.11.2"
source = { registry = "https://pypi.org/simple" }
dependencies = [
    { name = "botocore" },
]
sdist = { url = "https://files.pythonhosted.org/packages/62/45/2323b5928f86fd29f9afdcef4659f68fa73eaa5356912b774227f5cf46b5/s3transfer-0.11.2.tar.gz", hash = "sha256:3b39185cb72f5acc77db1a58b6e25b977f28d20496b6e58d6813d75f464d632f", size = 147885 }
wheels = [
    { url = "https://files.pythonhosted.org/packages/1b/ac/e7dc469e49048dc57f62e0c555d2ee3117fa30813d2a1a2962cce3a2a82a/s3transfer-0.11.2-py3-none-any.whl", hash = "sha256:be6ecb39fadd986ef1701097771f87e4d2f821f27f6071c872143884d2950fbc", size = 84151 },
]

[[package]]
name = "six"
version = "1.17.0"
source = { registry = "https://pypi.org/simple" }
sdist = { url = "https://files.pythonhosted.org/packages/94/e7/b2c673351809dca68a0e064b6af791aa332cf192da575fd474ed7d6f16a2/six-1.17.0.tar.gz", hash = "sha256:ff70335d468e7eb6ec65b95b99d3a2836546063f63acc5171de367e834932a81", size = 34031 }
wheels = [
    { url = "https://files.pythonhosted.org/packages/b7/ce/149a00dd41f10bc29e5921b496af8b574d8413afcd5e30dfa0ed46c2cc5e/six-1.17.0-py2.py3-none-any.whl", hash = "sha256:4721f391ed90541fddacab5acf947aa0d3dc7d27b2e1e8eda2be8970586c3274", size = 11050 },
]

[[package]]
name = "types-awscrt"
version = "0.23.6"
source = { registry = "https://pypi.org/simple" }
sdist = { url = "https://files.pythonhosted.org/packages/dd/97/c62253e8ed65562c67b2138339444cc77507c8ee01c091e02ead1311e4b8/types_awscrt-0.23.6.tar.gz", hash = "sha256:405bce8c281f9e7c6c92a229225cc0bf10d30729a6a601123213389bd524b8b1", size = 15124 }
wheels = [
    { url = "https://files.pythonhosted.org/packages/21/f1/0f0869d35c1b746df98d60016f898eb49db208747a4ed2de81b58f48ecd8/types_awscrt-0.23.6-py3-none-any.whl", hash = "sha256:fbf9c221af5607b24bf17f8431217ce8b9a27917139edbc984891eb63fd5a593", size = 19025 },
]

[[package]]
name = "types-boto3"
version = "1.36.5"
source = { registry = "https://pypi.org/simple" }
dependencies = [
    { name = "botocore-stubs" },
    { name = "types-s3transfer" },
]
sdist = { url = "https://files.pythonhosted.org/packages/6d/29/68e50320e9e67ded08233d8ff2f8aa39f9f0e3ddba8d1e42991ccd3312b2/types_boto3-1.36.5.tar.gz", hash = "sha256:5362d8c365cdb4f46003c09a9f84436333d92066f17ffc2bad369d166cbe79fb", size = 99024 }
wheels = [
    { url = "https://files.pythonhosted.org/packages/fb/05/69482eb6edd5060b0943a1610a878b35e6f1911d94b74d31fb9e773e48ff/types_boto3-1.36.5-py3-none-any.whl", hash = "sha256:ed88e5f0a219eb60dcf8de6cd6074c928dfcac070e1d1f7dd45b48789aff019a", size = 68157 },
]

[package.optional-dependencies]
full = [
    { name = "types-boto3-full" },
]

[[package]]
name = "types-boto3-full"
version = "1.36.5"
source = { registry = "https://pypi.org/simple" }
sdist = { url = "https://files.pythonhosted.org/packages/e7/34/7c56333c81fc5fc0a631e5ddc72137d1801f5b21289dc42eb8713a45567c/types_boto3_full-1.36.5.tar.gz", hash = "sha256:fdd3b8f6d7bab3dd448de8de6bafc89d84273f6d882d9500acfd8121a3f66871", size = 7753630 }
wheels = [
    { url = "https://files.pythonhosted.org/packages/b3/ad/7e5e2f0e45a5919bb1e904fc5cb8338077d6f04f42a8e0642e0a6ba353bd/types_boto3_full-1.36.5-py3-none-any.whl", hash = "sha256:de3ef4a85ded1c908d50154c525944d36fd1cb782606a6c99836f08dbd865762", size = 11917177 },
]

[[package]]
name = "types-s3transfer"
version = "0.11.2"
source = { registry = "https://pypi.org/simple" }
sdist = { url = "https://files.pythonhosted.org/packages/56/a9/21967d4fc03bb7980b7af040642d67c4f1e5bf093dc7ff263d4f06020043/types_s3transfer-0.11.2.tar.gz", hash = "sha256:3ccb8b90b14434af2fb0d6c08500596d93f3a83fb804a2bb843d9bf4f7c2ca60", size = 14054 }
wheels = [
    { url = "https://files.pythonhosted.org/packages/17/12/0256488171e2947b20364638779891db45bf25af14e9a6bde50b2df65cd6/types_s3transfer-0.11.2-py3-none-any.whl", hash = "sha256:09c31cff8c79a433fcf703b840b66d1f694a6c70c410ef52015dd4fe07ee0ae2", size = 19486 },
]

[[package]]
name = "typing-extensions"
version = "4.12.2"
source = { registry = "https://pypi.org/simple" }
sdist = { url = "https://files.pythonhosted.org/packages/df/db/f35a00659bc03fec321ba8bce9420de607a1d37f8342eee1863174c69557/typing_extensions-4.12.2.tar.gz", hash = "sha256:1a7ead55c7e559dd4dee8856e3a88b41225abfe1ce8df57b7c13915fe121ffb8", size = 85321 }
wheels = [
    { url = "https://files.pythonhosted.org/packages/26/9f/ad63fc0248c5379346306f8668cda6e2e2e9c95e01216d2b8ffd9ff037d0/typing_extensions-4.12.2-py3-none-any.whl", hash = "sha256:04e5ca0351e0f3f85c6853954072df659d0d13fac324d0072316b67d7794700d", size = 37438 },
]

[[package]]
name = "urllib3"
version = "2.3.0"
source = { registry = "https://pypi.org/simple" }
sdist = { url = "https://files.pythonhosted.org/packages/aa/63/e53da845320b757bf29ef6a9062f5c669fe997973f966045cb019c3f4b66/urllib3-2.3.0.tar.gz", hash = "sha256:f8c5449b3cf0861679ce7e0503c7b44b5ec981bec0d1d3795a07f1ba96f0204d", size = 307268 }
wheels = [
    { url = "https://files.pythonhosted.org/packages/c8/19/4ec628951a74043532ca2cf5d97b7b14863931476d117c471e8e2b1eb39f/urllib3-2.3.0-py3-none-any.whl", hash = "sha256:1cee9ad369867bfdbbb48b7dd50374c0967a0bb7710050facf0dd6911440e3df", size = 128369 },
]

[[package]]
name = "wafr-automation-tool"
version = "0.1.0"
source = { virtual = "." }
dependencies = [
    { name = "boto3" },
    { name = "py-ocsf-models" },
    { name = "types-boto3", extra = ["full"] },
]

[package.metadata]
requires-dist = [
    { name = "boto3", specifier = ">=1.36.5" },
    { name = "py-ocsf-models" },
    { name = "types-boto3", extras = ["full"], specifier = ">=1.36.5" },
]
