version = 1
revision = 1
requires-python = "==3.12.*"

[[package]]
name = "boto3"
version = "1.37.5"
source = { registry = "https://pypi.org/simple" }
dependencies = [
    { name = "botocore" },
    { name = "jmespath" },
    { name = "s3transfer" },
]
sdist = { url = "https://files.pythonhosted.org/packages/2d/ac/6360666bd82d382e57666f89b5d203696b6cdee2389434f8fef0e4ad40d0/boto3-1.37.5.tar.gz", hash = "sha256:ae6e7048beeaa4478368e554a4b290e3928beb0ae8d8767d108d72381a81af30", size = 111181 }
wheels = [
    { url = "https://files.pythonhosted.org/packages/6f/58/caac47ea5da830f2ac94120ab54279ec40f2106e2f7d2fd9aa9e52c9c975/boto3-1.37.5-py3-none-any.whl", hash = "sha256:12166353519aca0cc8d9dcfbbb0d38f8915955a5912b8cb241b2b2314f0dbc14", size = 139344 },
]

[[package]]
name = "botocore"
version = "1.37.5"
source = { registry = "https://pypi.org/simple" }
dependencies = [
    { name = "jmespath" },
    { name = "python-dateutil" },
    { name = "urllib3" },
]
sdist = { url = "https://files.pythonhosted.org/packages/55/76/3ffeac83c28658d5543d57bbe3ba2df9e10ee7fe4c96a114acc1a8c7863e/botocore-1.37.5.tar.gz", hash = "sha256:f8f526d33ae74d242c577e0440b57b9ec7d53edd41db211155ec8087fe7a5a21", size = 13584838 }
wheels = [
    { url = "https://files.pythonhosted.org/packages/05/df/7ff9077d4cb644e59092815284891fc7f072f6a9822dc276bbf76424278c/botocore-1.37.5-py3-none-any.whl", hash = "sha256:e5cfbb8026d5b4fadd9b3a18b61d238a41a8b8f620ab75873dc1467d456150d6", size = 13353963 },
]

[[package]]
name = "botocore-stubs"
version = "1.37.4"
source = { registry = "https://pypi.org/simple" }
dependencies = [
    { name = "types-awscrt" },
]
sdist = { url = "https://files.pythonhosted.org/packages/9a/0e/f0847597eac8413eee57f478effcf802aa82699a119d2bbbddc46502fd18/botocore_stubs-1.37.4.tar.gz", hash = "sha256:f461caf7c3a564b53b9e49352f9b55e1c7a7bf505bc2c9166d9b4a7da831e22c", size = 42087 }
wheels = [
    { url = "https://files.pythonhosted.org/packages/c4/69/c5fb961caaf31f78ec1cecbc931854f51d4662993747ff3889e84a606077/botocore_stubs-1.37.4-py3-none-any.whl", hash = "sha256:29c1fc38cba7686a2b0969dfaab175b0cf3539eed07eac4fbc693437ebe8f9b9", size = 65336 },
]

[[package]]
name = "dnspython"
version = "2.7.0"
source = { registry = "https://pypi.org/simple" }
sdist = { url = "https://files.pythonhosted.org/packages/b5/4a/263763cb2ba3816dd94b08ad3a33d5fdae34ecb856678773cc40a3605829/dnspython-2.7.0.tar.gz", hash = "sha256:ce9c432eda0dc91cf618a5cedf1a4e142651196bbcd2c80e89ed5a907e5cfaf1", size = 345197 }
wheels = [
    { url = "https://files.pythonhosted.org/packages/68/1b/e0a87d256e40e8c888847551b20a017a6b98139178505dc7ffb96f04e954/dnspython-2.7.0-py3-none-any.whl", hash = "sha256:b4c34b7d10b51bcc3a5071e7b8dee77939f1e878477eeecc965e9835f63c6c86", size = 313632 },
]

[[package]]
name = "email-validator"
version = "2.1.1"
source = { registry = "https://pypi.org/simple" }
dependencies = [
    { name = "dnspython" },
    { name = "idna" },
]
sdist = { url = "https://files.pythonhosted.org/packages/63/82/2914bff80ebee8c027802a664ad4b4caad502cd594e358f76aff395b5e56/email_validator-2.1.1.tar.gz", hash = "sha256:200a70680ba08904be6d1eef729205cc0d687634399a5924d842533efb824b84", size = 44709 }
wheels = [
    { url = "https://files.pythonhosted.org/packages/e4/60/b02cb0f5ee0be88bd4fbfdd9cc91e43ec2dfcc47fe064e7c70587ff58a94/email_validator-2.1.1-py3-none-any.whl", hash = "sha256:97d882d174e2a65732fb43bfce81a3a834cbc1bde8bf419e30ef5ea976370a05", size = 30334 },
]

[[package]]
name = "idna"
version = "3.10"
source = { registry = "https://pypi.org/simple" }
sdist = { url = "https://files.pythonhosted.org/packages/f1/70/7703c29685631f5a7590aa73f1f1d3fa9a380e654b86af429e0934a32f7d/idna-3.10.tar.gz", hash = "sha256:12f65c9b470abda6dc35cf8e63cc574b1c52b11df2c86030af0ac09b01b13ea9", size = 190490 }
wheels = [
    { url = "https://files.pythonhosted.org/packages/76/c6/c88e154df9c4e1a2a66ccf0005a88dfb2650c1dffb6f5ce603dfbd452ce3/idna-3.10-py3-none-any.whl", hash = "sha256:946d195a0d259cbba61165e88e65941f16e9b36ea6ddb97f00452bae8b1287d3", size = 70442 },
]

[[package]]
name = "jmespath"
version = "1.0.1"
source = { registry = "https://pypi.org/simple" }
sdist = { url = "https://files.pythonhosted.org/packages/00/2a/e867e8531cf3e36b41201936b7fa7ba7b5702dbef42922193f05c8976cd6/jmespath-1.0.1.tar.gz", hash = "sha256:90261b206d6defd58fdd5e85f478bf633a2901798906be2ad389150c5c60edbe", size = 25843 }
wheels = [
    { url = "https://files.pythonhosted.org/packages/31/b4/b9b800c45527aadd64d5b442f9b932b00648617eb5d63d2c7a6587b7cafc/jmespath-1.0.1-py3-none-any.whl", hash = "sha256:02e2e4cc71b5bcab88332eebf907519190dd9e6e82107fa7f83b1003a6252980", size = 20256 },
]

[[package]]
name = "py-ocsf-models"
version = "0.1.1"
source = { registry = "https://pypi.org/simple" }
dependencies = [
    { name = "email-validator" },
    { name = "pydantic" },
]
sdist = { url = "https://files.pythonhosted.org/packages/f5/09/5e0b6b8fd652350319e43d245f4f7e096518c4f2ff896a4f3c06e8edc105/py_ocsf_models-0.1.1.tar.gz", hash = "sha256:b0f2d4495a2596793f75e61a1ba218edea3a2d17a2b9911d46ee0fa623cc657b", size = 29497 }
wheels = [
    { url = "https://files.pythonhosted.org/packages/ad/aa/4eb0a164d7a04b87be74d20a6bf3c964051b97820407b94db82ae2855cce/py_ocsf_models-0.1.1-py3-none-any.whl", hash = "sha256:c6ea465fda85470b938a48da65b1f19664f6d83820ebe849ef5551094e6768de", size = 43020 },
]

[[package]]
name = "pydantic"
version = "1.10.15"
source = { registry = "https://pypi.org/simple" }
dependencies = [
    { name = "typing-extensions" },
]
sdist = { url = "https://files.pythonhosted.org/packages/6f/3a/1a057845b787469aa8c4ff2c126d5110d616223c82e74561b8ae56b46ec7/pydantic-1.10.15.tar.gz", hash = "sha256:ca832e124eda231a60a041da4f013e3ff24949d94a01154b137fc2f2a43c3ffb", size = 350343 }
wheels = [
    { url = "https://files.pythonhosted.org/packages/27/17/a9872f20809e37ad03c523994ef3e0b7420c6508fe4553b7c0d8476ee03a/pydantic-1.10.15-py3-none-any.whl", hash = "sha256:28e552a060ba2740d0d2aabe35162652c1459a0b9069fe0db7f4ee0e18e74d58", size = 159931 },
]

[[package]]
name = "python-dateutil"
version = "2.9.0.post0"
source = { registry = "https://pypi.org/simple" }
dependencies = [
    { name = "six" },
]
sdist = { url = "https://files.pythonhosted.org/packages/66/c0/0c8b6ad9f17a802ee498c46e004a0eb49bc148f2fd230864601a86dcf6db/python-dateutil-2.9.0.post0.tar.gz", hash = "sha256:37dd54208da7e1cd875388217d5e00ebd4179249f90fb72437e91a35459a0ad3", size = 342432 }
wheels = [
    { url = "https://files.pythonhosted.org/packages/ec/57/56b9bcc3c9c6a792fcbaf139543cee77261f3651ca9da0c93f5c1221264b/python_dateutil-2.9.0.post0-py2.py3-none-any.whl", hash = "sha256:a8b2bc7bffae282281c8140a97d3aa9c14da0b136dfe83f850eea9a5f7470427", size = 229892 },
]

[[package]]
name = "regex"
version = "2024.11.6"
source = { registry = "https://pypi.org/simple" }
sdist = { url = "https://files.pythonhosted.org/packages/8e/5f/bd69653fbfb76cf8604468d3b4ec4c403197144c7bfe0e6a5fc9e02a07cb/regex-2024.11.6.tar.gz", hash = "sha256:7ab159b063c52a0333c884e4679f8d7a85112ee3078fe3d9004b2dd875585519", size = 399494 }
wheels = [
    { url = "https://files.pythonhosted.org/packages/ba/30/9a87ce8336b172cc232a0db89a3af97929d06c11ceaa19d97d84fa90a8f8/regex-2024.11.6-cp312-cp312-macosx_10_13_universal2.whl", hash = "sha256:52fb28f528778f184f870b7cf8f225f5eef0a8f6e3778529bdd40c7b3920796a", size = 483781 },
    { url = "https://files.pythonhosted.org/packages/01/e8/00008ad4ff4be8b1844786ba6636035f7ef926db5686e4c0f98093612add/regex-2024.11.6-cp312-cp312-macosx_10_13_x86_64.whl", hash = "sha256:fdd6028445d2460f33136c55eeb1f601ab06d74cb3347132e1c24250187500d9", size = 288455 },
    { url = "https://files.pythonhosted.org/packages/60/85/cebcc0aff603ea0a201667b203f13ba75d9fc8668fab917ac5b2de3967bc/regex-2024.11.6-cp312-cp312-macosx_11_0_arm64.whl", hash = "sha256:805e6b60c54bf766b251e94526ebad60b7de0c70f70a4e6210ee2891acb70bf2", size = 284759 },
    { url = "https://files.pythonhosted.org/packages/94/2b/701a4b0585cb05472a4da28ee28fdfe155f3638f5e1ec92306d924e5faf0/regex-2024.11.6-cp312-cp312-manylinux_2_17_aarch64.manylinux2014_aarch64.whl", hash = "sha256:b85c2530be953a890eaffde05485238f07029600e8f098cdf1848d414a8b45e4", size = 794976 },
    { url = "https://files.pythonhosted.org/packages/4b/bf/fa87e563bf5fee75db8915f7352e1887b1249126a1be4813837f5dbec965/regex-2024.11.6-cp312-cp312-manylinux_2_17_ppc64le.manylinux2014_ppc64le.whl", hash = "sha256:bb26437975da7dc36b7efad18aa9dd4ea569d2357ae6b783bf1118dabd9ea577", size = 833077 },
    { url = "https://files.pythonhosted.org/packages/a1/56/7295e6bad94b047f4d0834e4779491b81216583c00c288252ef625c01d23/regex-2024.11.6-cp312-cp312-manylinux_2_17_s390x.manylinux2014_s390x.whl", hash = "sha256:abfa5080c374a76a251ba60683242bc17eeb2c9818d0d30117b4486be10c59d3", size = 823160 },
    { url = "https://files.pythonhosted.org/packages/fb/13/e3b075031a738c9598c51cfbc4c7879e26729c53aa9cca59211c44235314/regex-2024.11.6-cp312-cp312-manylinux_2_17_x86_64.manylinux2014_x86_64.whl", hash = "sha256:70b7fa6606c2881c1db9479b0eaa11ed5dfa11c8d60a474ff0e095099f39d98e", size = 796896 },
    { url = "https://files.pythonhosted.org/packages/24/56/0b3f1b66d592be6efec23a795b37732682520b47c53da5a32c33ed7d84e3/regex-2024.11.6-cp312-cp312-manylinux_2_5_i686.manylinux1_i686.manylinux_2_17_i686.manylinux2014_i686.whl", hash = "sha256:0c32f75920cf99fe6b6c539c399a4a128452eaf1af27f39bce8909c9a3fd8cbe", size = 783997 },
    { url = "https://files.pythonhosted.org/packages/f9/a1/eb378dada8b91c0e4c5f08ffb56f25fcae47bf52ad18f9b2f33b83e6d498/regex-2024.11.6-cp312-cp312-musllinux_1_2_aarch64.whl", hash = "sha256:982e6d21414e78e1f51cf595d7f321dcd14de1f2881c5dc6a6e23bbbbd68435e", size = 781725 },
    { url = "https://files.pythonhosted.org/packages/83/f2/033e7dec0cfd6dda93390089864732a3409246ffe8b042e9554afa9bff4e/regex-2024.11.6-cp312-cp312-musllinux_1_2_i686.whl", hash = "sha256:a7c2155f790e2fb448faed6dd241386719802296ec588a8b9051c1f5c481bc29", size = 789481 },
    { url = "https://files.pythonhosted.org/packages/83/23/15d4552ea28990a74e7696780c438aadd73a20318c47e527b47a4a5a596d/regex-2024.11.6-cp312-cp312-musllinux_1_2_ppc64le.whl", hash = "sha256:149f5008d286636e48cd0b1dd65018548944e495b0265b45e1bffecce1ef7f39", size = 852896 },
    { url = "https://files.pythonhosted.org/packages/e3/39/ed4416bc90deedbfdada2568b2cb0bc1fdb98efe11f5378d9892b2a88f8f/regex-2024.11.6-cp312-cp312-musllinux_1_2_s390x.whl", hash = "sha256:e5364a4502efca094731680e80009632ad6624084aff9a23ce8c8c6820de3e51", size = 860138 },
    { url = "https://files.pythonhosted.org/packages/93/2d/dd56bb76bd8e95bbce684326302f287455b56242a4f9c61f1bc76e28360e/regex-2024.11.6-cp312-cp312-musllinux_1_2_x86_64.whl", hash = "sha256:0a86e7eeca091c09e021db8eb72d54751e527fa47b8d5787caf96d9831bd02ad", size = 787692 },
    { url = "https://files.pythonhosted.org/packages/0b/55/31877a249ab7a5156758246b9c59539abbeba22461b7d8adc9e8475ff73e/regex-2024.11.6-cp312-cp312-win32.whl", hash = "sha256:32f9a4c643baad4efa81d549c2aadefaeba12249b2adc5af541759237eee1c54", size = 262135 },
    { url = "https://files.pythonhosted.org/packages/38/ec/ad2d7de49a600cdb8dd78434a1aeffe28b9d6fc42eb36afab4a27ad23384/regex-2024.11.6-cp312-cp312-win_amd64.whl", hash = "sha256:a93c194e2df18f7d264092dc8539b8ffb86b45b899ab976aa15d48214138e81b", size = 273567 },
]

[[package]]
name = "s3transfer"
version = "0.11.3"
source = { registry = "https://pypi.org/simple" }
dependencies = [
    { name = "botocore" },
]
sdist = { url = "https://files.pythonhosted.org/packages/39/24/1390172471d569e281fcfd29b92f2f73774e95972c965d14b6c802ff2352/s3transfer-0.11.3.tar.gz", hash = "sha256:edae4977e3a122445660c7c114bba949f9d191bae3b34a096f18a1c8c354527a", size = 148042 }
wheels = [
    { url = "https://files.pythonhosted.org/packages/e4/81/48c41b554a54d75d4407740abb60e3a102ae416284df04d1dbdcbe3dbf24/s3transfer-0.11.3-py3-none-any.whl", hash = "sha256:ca855bdeb885174b5ffa95b9913622459d4ad8e331fc98eb01e6d5eb6a30655d", size = 84246 },
]

[[package]]
name = "six"
version = "1.17.0"
source = { registry = "https://pypi.org/simple" }
sdist = { url = "https://files.pythonhosted.org/packages/94/e7/b2c673351809dca68a0e064b6af791aa332cf192da575fd474ed7d6f16a2/six-1.17.0.tar.gz", hash = "sha256:ff70335d468e7eb6ec65b95b99d3a2836546063f63acc5171de367e834932a81", size = 34031 }
wheels = [
    { url = "https://files.pythonhosted.org/packages/b7/ce/149a00dd41f10bc29e5921b496af8b574d8413afcd5e30dfa0ed46c2cc5e/six-1.17.0-py2.py3-none-any.whl", hash = "sha256:4721f391ed90541fddacab5acf947aa0d3dc7d27b2e1e8eda2be8970586c3274", size = 11050 },
]

[[package]]
name = "types-awscrt"
version = "0.23.10"
source = { registry = "https://pypi.org/simple" }
sdist = { url = "https://files.pythonhosted.org/packages/a3/53/7c69677327794fe91cc89a1362400b78f00b1a20364384da1e004c259d42/types_awscrt-0.23.10.tar.gz", hash = "sha256:965659260599b421564204b895467684104a2c0311bbacfd3c2423b8b0d3f3e9", size = 15455 }
wheels = [
    { url = "https://files.pythonhosted.org/packages/89/ad/3d7c9a8b972048f3987355e3e48da56eb9f3ed8e151113c3c973b43ad91e/types_awscrt-0.23.10-py3-none-any.whl", hash = "sha256:7391bf502f6093221e68da8fb6a2af7ec67a98d376c58d5b76cc3938f449d121", size = 19426 },
]

[[package]]
name = "types-boto3"
version = "1.37.5"
source = { registry = "https://pypi.org/simple" }
dependencies = [
    { name = "botocore-stubs" },
    { name = "types-s3transfer" },
]
sdist = { url = "https://files.pythonhosted.org/packages/92/1a/4a35f73a82fd35ddf38c7db1d8a91c1090709899f0959da49b95f13bfa0b/types_boto3-1.37.5.tar.gz", hash = "sha256:e9f3939235e60f1879addf1279414e9019b39d2790e497773e78c22aa290ed14", size = 98820 }
wheels = [
    { url = "https://files.pythonhosted.org/packages/d2/06/c58e5429bcfbbb66cb1971bb4d07b46991c4add570d40e0538fe700a15de/types_boto3-1.37.5-py3-none-any.whl", hash = "sha256:6924daf995ba0f13d882d54a61d48e0062349b239930833748a19a355e518acb", size = 68062 },
]

[package.optional-dependencies]
bedrock-runtime = [
    { name = "types-boto3-bedrock-runtime" },
]
dynamodb = [
    { name = "types-boto3-dynamodb" },
]
s3 = [
    { name = "types-boto3-s3" },
]
stepfunctions = [
    { name = "types-boto3-stepfunctions" },
]

[[package]]
name = "types-boto3-bedrock-runtime"
version = "1.37.0"
source = { registry = "https://pypi.org/simple" }
sdist = { url = "https://files.pythonhosted.org/packages/44/99/8e9b9b3bcb505f72c074ce37902b5446e93e43e9634dd8758a779980cee5/types_boto3_bedrock_runtime-1.37.0.tar.gz", hash = "sha256:008a05ef6caa7a0f3ab55991468a59ef1fd7e05ef79f86f0b6bf0d97509140ab", size = 25342 }
wheels = [
    { url = "https://files.pythonhosted.org/packages/7d/18/ce4af4e289813e9ce56ff96f3e46394bff50af0103f5c49b7597bbf8d385/types_boto3_bedrock_runtime-1.37.0-py3-none-any.whl", hash = "sha256:14f8f4699b7afbb6338f2b80b34d5b1133f49433a8c563de4cc3cb992d5cd574", size = 31039 },
]

[[package]]
name = "types-boto3-dynamodb"
version = "1.37.0"
source = { registry = "https://pypi.org/simple" }
sdist = { url = "https://files.pythonhosted.org/packages/4c/87/5cf9b2fd83be693785191bf6eb8251f9c8be9e463cdbc6bbdd1ce1000378/types_boto3_dynamodb-1.37.0.tar.gz", hash = "sha256:064bf448234d1c35b3ccf93c933263acd9c8a566ba2e411e889c2feca7842c65", size = 47097 }
wheels = [
    { url = "https://files.pythonhosted.org/packages/84/21/c0e3ea19a9ace8a8d11c9fcc3fdf4b75ecf94506d15cfb517b4c52158a19/types_boto3_dynamodb-1.37.0-py3-none-any.whl", hash = "sha256:8c4009b1e360b0a6971f94c654f40547641068020244a10b44f147ed32bdb591", size = 56125 },
]

[[package]]
name = "types-boto3-s3"
version = "1.37.0"
source = { registry = "https://pypi.org/simple" }
sdist = { url = "https://files.pythonhosted.org/packages/51/92/786a3639600379d80380fdb13d5dc58677515e589930c3dd8e79732edbd4/types_boto3_s3-1.37.0.tar.gz", hash = "sha256:aee8437330c0c0cb33b9bd268a69cdf0f5c3b1ace21d133bc1e5797eb0c2b2f7", size = 73317 }
wheels = [
    { url = "https://files.pythonhosted.org/packages/81/f4/da45c1bd40e253ecb29a64437087040764b43997dbf8f14e4b232631e4d5/types_boto3_s3-1.37.0-py3-none-any.whl", hash = "sha256:1a70f9f0784a799fa3d465bd4afb1c874d1574dff11e2aa152a6c1c3d7a91420", size = 80062 },
]

[[package]]
name = "types-boto3-stepfunctions"
version = "1.37.0"
source = { registry = "https://pypi.org/simple" }
sdist = { url = "https://files.pythonhosted.org/packages/91/8f/311c1d18429e7a9be4a4d5d5341b9f698d81e21c569c41860e3e24aa63dd/types_boto3_stepfunctions-1.37.0.tar.gz", hash = "sha256:0d75293f8169c57a7d69e8aaa5f9a4ac3da857cf3f26618bd21b63bf8cfab023", size = 31201 }
wheels = [
    { url = "https://files.pythonhosted.org/packages/98/21/0bc4948d507310e4cca5c1d597893cd45206b75f7c087c2bf6d865e900ed/types_boto3_stepfunctions-1.37.0-py3-none-any.whl", hash = "sha256:b340e30b658bcec1e874d7a14def292608fc2a48a22b4309eb55c10bb9aa4d67", size = 35723 },
]

[[package]]
name = "types-s3transfer"
version = "0.11.3"
source = { registry = "https://pypi.org/simple" }
sdist = { url = "https://files.pythonhosted.org/packages/d4/1a/6e812e46e6a446fa14a3ad2970948d96322a14b1306d50705cbad87b5ad5/types_s3transfer-0.11.3.tar.gz", hash = "sha256:48b90c1f9950dafd9816d0d1476e3323fbcd3202b74f2908b8a28c58e08e75b9", size = 14057 }
wheels = [
    { url = "https://files.pythonhosted.org/packages/67/ee/19a69caff957a2e3df2d28652f58e5dfef9f7d0d6e0908848a0d0362f611/types_s3transfer-0.11.3-py3-none-any.whl", hash = "sha256:953491bc834b171d4a477130e80aecd87dc27c4ba71b9d339c178deaad3fd517", size = 19487 },
]

[[package]]
name = "typing-extensions"
version = "4.12.2"
source = { registry = "https://pypi.org/simple" }
sdist = { url = "https://files.pythonhosted.org/packages/df/db/f35a00659bc03fec321ba8bce9420de607a1d37f8342eee1863174c69557/typing_extensions-4.12.2.tar.gz", hash = "sha256:1a7ead55c7e559dd4dee8856e3a88b41225abfe1ce8df57b7c13915fe121ffb8", size = 85321 }
wheels = [
    { url = "https://files.pythonhosted.org/packages/26/9f/ad63fc0248c5379346306f8668cda6e2e2e9c95e01216d2b8ffd9ff037d0/typing_extensions-4.12.2-py3-none-any.whl", hash = "sha256:04e5ca0351e0f3f85c6853954072df659d0d13fac324d0072316b67d7794700d", size = 37438 },
]

[[package]]
name = "urllib3"
version = "2.3.0"
source = { registry = "https://pypi.org/simple" }
sdist = { url = "https://files.pythonhosted.org/packages/aa/63/e53da845320b757bf29ef6a9062f5c669fe997973f966045cb019c3f4b66/urllib3-2.3.0.tar.gz", hash = "sha256:f8c5449b3cf0861679ce7e0503c7b44b5ec981bec0d1d3795a07f1ba96f0204d", size = 307268 }
wheels = [
    { url = "https://files.pythonhosted.org/packages/c8/19/4ec628951a74043532ca2cf5d97b7b14863931476d117c471e8e2b1eb39f/urllib3-2.3.0-py3-none-any.whl", hash = "sha256:1cee9ad369867bfdbbb48b7dd50374c0967a0bb7710050facf0dd6911440e3df", size = 128369 },
]

[[package]]
name = "wafr-automation-tool"
version = "0.1.0"
source = { virtual = "." }
dependencies = [
    { name = "boto3" },
    { name = "py-ocsf-models" },
    { name = "pydantic" },
    { name = "regex" },
    { name = "types-boto3", extra = ["bedrock-runtime", "dynamodb", "s3", "stepfunctions"] },
]

[package.metadata]
requires-dist = [
    { name = "boto3", specifier = ">=1.37.5" },
    { name = "py-ocsf-models" },
    { name = "pydantic", specifier = ">=1.10.15" },
    { name = "regex", specifier = ">=2024.11.6" },
    { name = "types-boto3", extras = ["bedrock-runtime", "dynamodb", "s3", "stepfunctions"], specifier = ">=1.37.5" },
]
